// !$*UTF8*$!
{
	archiveVersion = 1;
	classes = {
	};
	objectVersion = 46;
	objects = {

/* Begin PBXBuildFile section */
		111544041F1DAC5400954055 /* AppDelegate.swift in Sources */ = {isa = PBXBuildFile; fileRef = 111544031F1DAC5400954055 /* AppDelegate.swift */; };
		111544061F1DAC5400954055 /* ViewController.swift in Sources */ = {isa = PBXBuildFile; fileRef = 111544051F1DAC5400954055 /* ViewController.swift */; };
		111544091F1DAC5400954055 /* Main.storyboard in Resources */ = {isa = PBXBuildFile; fileRef = 111544071F1DAC5400954055 /* Main.storyboard */; };
		1115440B1F1DAC5400954055 /* Assets.xcassets in Resources */ = {isa = PBXBuildFile; fileRef = 1115440A1F1DAC5400954055 /* Assets.xcassets */; };
		1115440E1F1DAC5400954055 /* LaunchScreen.storyboard in Resources */ = {isa = PBXBuildFile; fileRef = 1115440C1F1DAC5400954055 /* LaunchScreen.storyboard */; };
/* End PBXBuildFile section */

/* Begin PBXFileReference section */
		111544001F1DAC5400954055 /* infiniteViewUseCollectionViewSwift.app */ = {isa = PBXFileReference; explicitFileType = wrapper.application; includeInIndex = 0; path = infiniteViewUseCollectionViewSwift.app; sourceTree = BUILT_PRODUCTS_DIR; };
		111544031F1DAC5400954055 /* AppDelegate.swift */ = {isa = PBXFileReference; lastKnownFileType = sourcecode.swift; path = AppDelegate.swift; sourceTree = "<group>"; };
		111544051F1DAC5400954055 /* ViewController.swift */ = {isa = PBXFileReference; lastKnownFileType = sourcecode.swift; path = ViewController.swift; sourceTree = "<group>"; };
		111544081F1DAC5400954055 /* Base */ = {isa = PBXFileReference; lastKnownFileType = file.storyboard; name = Base; path = Base.lproj/Main.storyboard; sourceTree = "<group>"; };
		1115440A1F1DAC5400954055 /* Assets.xcassets */ = {isa = PBXFileReference; lastKnownFileType = folder.assetcatalog; path = Assets.xcassets; sourceTree = "<group>"; };
		1115440D1F1DAC5400954055 /* Base */ = {isa = PBXFileReference; lastKnownFileType = file.storyboard; name = Base; path = Base.lproj/LaunchScreen.storyboard; sourceTree = "<group>"; };
		1115440F1F1DAC5400954055 /* Info.plist */ = {isa = PBXFileReference; lastKnownFileType = text.plist.xml; path = Info.plist; sourceTree = "<group>"; };
/* End PBXFileReference section */

/* Begin PBXFrameworksBuildPhase section */
		111543FD1F1DAC5400954055 /* Frameworks */ = {
			isa = PBXFrameworksBuildPhase;
			buildActionMask = 2147483647;
			files = (
			);
			runOnlyForDeploymentPostprocessing = 0;
		};
/* End PBXFrameworksBuildPhase section */

/* Begin PBXGroup section */
		111543F71F1DAC5400954055 = {
			isa = PBXGroup;
			children = (
				111544021F1DAC5400954055 /* infiniteViewUseCollectionViewSwift */,
				111544011F1DAC5400954055 /* Products */,
			);
			sourceTree = "<group>";
		};
		111544011F1DAC5400954055 /* Products */ = {
			isa = PBXGroup;
			children = (
				111544001F1DAC5400954055 /* infiniteViewUseCollectionViewSwift.app */,
			);
			name = Products;
			sourceTree = "<group>";
		};
		111544021F1DAC5400954055 /* infiniteViewUseCollectionViewSwift */ = {
			isa = PBXGroup;
			children = (
				111544031F1DAC5400954055 /* AppDelegate.swift */,
				111544051F1DAC5400954055 /* ViewController.swift */,
				111544071F1DAC5400954055 /* Main.storyboard */,
				1115440A1F1DAC5400954055 /* Assets.xcassets */,
				1115440C1F1DAC5400954055 /* LaunchScreen.storyboard */,
				1115440F1F1DAC5400954055 /* Info.plist */,
			);
			path = infiniteViewUseCollectionViewSwift;
			sourceTree = "<group>";
		};
/* End PBXGroup section */

/* Begin PBXNativeTarget section */
		111543FF1F1DAC5400954055 /* infiniteViewUseCollectionViewSwift */ = {
			isa = PBXNativeTarget;
			buildConfigurationList = 111544121F1DAC5400954055 /* Build configuration list for PBXNativeTarget "infiniteViewUseCollectionViewSwift" */;
			buildPhases = (
				111543FC1F1DAC5400954055 /* Sources */,
				111543FD1F1DAC5400954055 /* Frameworks */,
				111543FE1F1DAC5400954055 /* Resources */,
			);
			buildRules = (
			);
			dependencies = (
			);
			name = infiniteViewUseCollectionViewSwift;
			productName = infiniteViewUseCollectionViewSwift;
			productReference = 111544001F1DAC5400954055 /* infiniteViewUseCollectionViewSwift.app */;
			productType = "com.apple.product-type.application";
		};
/* End PBXNativeTarget section */

/* Begin PBXProject section */
		111543F81F1DAC5400954055 /* Project object */ = {
			isa = PBXProject;
			attributes = {
				LastSwiftUpdateCheck = 0830;
				LastUpgradeCheck = 0830;
				ORGANIZATIONNAME = April;
				TargetAttributes = {
					111543FF1F1DAC5400954055 = {
						CreatedOnToolsVersion = 8.3.3;
						ProvisioningStyle = Automatic;
					};
				};
			};
			buildConfigurationList = 111543FB1F1DAC5400954055 /* Build configuration list for PBXProject "infiniteViewUseCollectionViewSwift" */;
			compatibilityVersion = "Xcode 3.2";
			developmentRegion = English;
			hasScannedForEncodings = 0;
			knownRegions = (
				en,
				Base,
			);
			mainGroup = 111543F71F1DAC5400954055;
			productRefGroup = 111544011F1DAC5400954055 /* Products */;
			projectDirPath = "";
			projectRoot = "";
			targets = (
				111543FF1F1DAC5400954055 /* infiniteViewUseCollectionViewSwift */,
			);
		};
/* End PBXProject section */

/* Begin PBXResourcesBuildPhase section */
		111543FE1F1DAC5400954055 /* Resources */ = {
			isa = PBXResourcesBuildPhase;
			buildActionMask = 2147483647;
			files = (
				1115440E1F1DAC5400954055 /* LaunchScreen.storyboard in Resources */,
				1115440B1F1DAC5400954055 /* Assets.xcassets in Resources */,
				111544091F1DAC5400954055 /* Main.storyboard in Resources */,
			);
			runOnlyForDeploymentPostprocessing = 0;
		};
/* End PBXResourcesBuildPhase section */

/* Begin PBXSourcesBuildPhase section */
		111543FC1F1DAC5400954055 /* Sources */ = {
			isa = PBXSourcesBuildPhase;
			buildActionMask = 2147483647;
			files = (
				111544061F1DAC5400954055 /* ViewController.swift in Sources */,
				111544041F1DAC5400954055 /* AppDelegate.swift in Sources */,
			);
			runOnlyForDeploymentPostprocessing = 0;
		};
/* End PBXSourcesBuildPhase section */

/* Begin PBXVariantGroup section */
		111544071F1DAC5400954055 /* Main.storyboard */ = {
			isa = PBXVariantGroup;
			children = (
				111544081F1DAC5400954055 /* Base */,
			);
			name = Main.storyboard;
			sourceTree = "<group>";
		};
		1115440C1F1DAC5400954055 /* LaunchScreen.storyboard */ = {
			isa = PBXVariantGroup;
			children = (
				1115440D1F1DAC5400954055 /* Base */,
			);
			name = LaunchScreen.storyboard;
			sourceTree = "<group>";
		};
/* End PBXVariantGroup section */

/* Begin XCBuildConfiguration section */
		111544101F1DAC5400954055 /* Debug */ = {
			isa = XCBuildConfiguration;
			buildSettings = {
				ALWAYS_SEARCH_USER_PATHS = NO;
				CLANG_ANALYZER_NONNULL = YES;
				CLANG_ANALYZER_NUMBER_OBJECT_CONVERSION = YES_AGGRESSIVE;
				CLANG_CXX_LANGUAGE_STANDARD = "gnu++0x";
				CLANG_CXX_LIBRARY = "libc++";
				CLANG_ENABLE_MODULES = YES;
				CLANG_ENABLE_OBJC_ARC = YES;
				CLANG_WARN_BOOL_CONVERSION = YES;
				CLANG_WARN_CONSTANT_CONVERSION = YES;
				CLANG_WARN_DIRECT_OBJC_ISA_USAGE = YES_ERROR;
				CLANG_WARN_DOCUMENTATION_COMMENTS = YES;
				CLANG_WARN_EMPTY_BODY = YES;
				CLANG_WARN_ENUM_CONVERSION = YES;
				CLANG_WARN_INFINITE_RECURSION = YES;
				CLANG_WARN_INT_CONVERSION = YES;
				CLANG_WARN_OBJC_ROOT_CLASS = YES_ERROR;
				CLANG_WARN_SUSPICIOUS_MOVE = YES;
				CLANG_WARN_UNREACHABLE_CODE = YES;
				CLANG_WARN__DUPLICATE_METHOD_MATCH = YES;
				"CODE_SIGN_IDENTITY[sdk=iphoneos*]" = "iPhone Developer";
				COPY_PHASE_STRIP = NO;
				DEBUG_INFORMATION_FORMAT = dwarf;
				ENABLE_STRICT_OBJC_MSGSEND = YES;
				ENABLE_TESTABILITY = YES;
				GCC_C_LANGUAGE_STANDARD = gnu99;
				GCC_DYNAMIC_NO_PIC = NO;
				GCC_NO_COMMON_BLOCKS = YES;
				GCC_OPTIMIZATION_LEVEL = 0;
				GCC_PREPROCESSOR_DEFINITIONS = (
					"DEBUG=1",
					"$(inherited)",
				);
				GCC_WARN_64_TO_32_BIT_CONVERSION = YES;
				GCC_WARN_ABOUT_RETURN_TYPE = YES_ERROR;
				GCC_WARN_UNDECLARED_SELECTOR = YES;
				GCC_WARN_UNINITIALIZED_AUTOS = YES_AGGRESSIVE;
				GCC_WARN_UNUSED_FUNCTION = YES;
				GCC_WARN_UNUSED_VARIABLE = YES;
				IPHONEOS_DEPLOYMENT_TARGET = 10.3;
				MTL_ENABLE_DEBUG_INFO = YES;
				ONLY_ACTIVE_ARCH = YES;
				SDKROOT = iphoneos;
				SWIFT_ACTIVE_COMPILATION_CONDITIONS = DEBUG;
				SWIFT_OPTIMIZATION_LEVEL = "-Onone";
				TARGETED_DEVICE_FAMILY = "1,2";
			};
			name = Debug;
		};
		111544111F1DAC5400954055 /* Release */ = {
			isa = XCBuildConfiguration;
			buildSettings = {
				ALWAYS_SEARCH_USER_PATHS = NO;
				CLANG_ANALYZER_NONNULL = YES;
				CLANG_ANALYZER_NUMBER_OBJECT_CONVERSION = YES_AGGRESSIVE;
				CLANG_CXX_LANGUAGE_STANDARD = "gnu++0x";
				CLANG_CXX_LIBRARY = "libc++";
				CLANG_ENABLE_MODULES = YES;
				CLANG_ENABLE_OBJC_ARC = YES;
				CLANG_WARN_BOOL_CONVERSION = YES;
				CLANG_WARN_CONSTANT_CONVERSION = YES;
				CLANG_WARN_DIRECT_OBJC_ISA_USAGE = YES_ERROR;
				CLANG_WARN_DOCUMENTATION_COMMENTS = YES;
				CLANG_WARN_EMPTY_BODY = YES;
				CLANG_WARN_ENUM_CONVERSION = YES;
				CLANG_WARN_INFINITE_RECURSION = YES;
				CLANG_WARN_INT_CONVERSION = YES;
				CLANG_WARN_OBJC_ROOT_CLASS = YES_ERROR;
				CLANG_WARN_SUSPICIOUS_MOVE = YES;
				CLANG_WARN_UNREACHABLE_CODE = YES;
				CLANG_WARN__DUPLICATE_METHOD_MATCH = YES;
				"CODE_SIGN_IDENTITY[sdk=iphoneos*]" = "iPhone Developer";
				COPY_PHASE_STRIP = NO;
				DEBUG_INFORMATION_FORMAT = "dwarf-with-dsym";
				ENABLE_NS_ASSERTIONS = NO;
				ENABLE_STRICT_OBJC_MSGSEND = YES;
				GCC_C_LANGUAGE_STANDARD = gnu99;
				GCC_NO_COMMON_BLOCKS = YES;
				GCC_WARN_64_TO_32_BIT_CONVERSION = YES;
				GCC_WARN_ABOUT_RETURN_TYPE = YES_ERROR;
				GCC_WARN_UNDECLARED_SELECTOR = YES;
				GCC_WARN_UNINITIALIZED_AUTOS = YES_AGGRESSIVE;
				GCC_WARN_UNUSED_FUNCTION = YES;
				GCC_WARN_UNUSED_VARIABLE = YES;
				IPHONEOS_DEPLOYMENT_TARGET = 10.3;
				MTL_ENABLE_DEBUG_INFO = NO;
				SDKROOT = iphoneos;
				SWIFT_OPTIMIZATION_LEVEL = "-Owholemodule";
				TARGETED_DEVICE_FAMILY = "1,2";
				VALIDATE_PRODUCT = YES;
			};
			name = Release;
		};
		111544131F1DAC5400954055 /* Debug */ = {
			isa = XCBuildConfiguration;
			buildSettings = {
				ASSETCATALOG_COMPILER_APPICON_NAME = AppIcon;
				INFOPLIST_FILE = infiniteViewUseCollectionViewSwift/Info.plist;
				IPHONEOS_DEPLOYMENT_TARGET = 8.3;
				LD_RUNPATH_SEARCH_PATHS = "$(inherited) @executable_path/Frameworks";
				PRODUCT_BUNDLE_IDENTIFIER = com.april.infiniteViewUseCollectionViewSwift;
				PRODUCT_NAME = "$(TARGET_NAME)";
				SWIFT_VERSION = 3.0;
			};
			name = Debug;
		};
		111544141F1DAC5400954055 /* Release */ = {
			isa = XCBuildConfiguration;
			buildSettings = {
				ASSETCATALOG_COMPILER_APPICON_NAME = AppIcon;
				INFOPLIST_FILE = infiniteViewUseCollectionViewSwift/Info.plist;
				IPHONEOS_DEPLOYMENT_TARGET = 8.3;
				LD_RUNPATH_SEARCH_PATHS = "$(inherited) @executable_path/Frameworks";
				PRODUCT_BUNDLE_IDENTIFIER = com.april.infiniteViewUseCollectionViewSwift;
				PRODUCT_NAME = "$(TARGET_NAME)";
				SWIFT_VERSION = 3.0;
			};
			name = Release;
		};
/* End XCBuildConfiguration section */

/* Begin XCConfigurationList section */
		111543FB1F1DAC5400954055 /* Build configuration list for PBXProject "infiniteViewUseCollectionViewSwift" */ = {
			isa = XCConfigurationList;
			buildConfigurations = (
				111544101F1DAC5400954055 /* Debug */,
				111544111F1DAC5400954055 /* Release */,
			);
			defaultConfigurationIsVisible = 0;
			defaultConfigurationName = Release;
		};
		111544121F1DAC5400954055 /* Build configuration list for PBXNativeTarget "infiniteViewUseCollectionViewSwift" */ = {
			isa = XCConfigurationList;
			buildConfigurations = (
				111544131F1DAC5400954055 /* Debug */,
				111544141F1DAC5400954055 /* Release */,
			);
			defaultConfigurationIsVisible = 0;
		};
/* End XCConfigurationList section */
	};
	rootObject = 111543F81F1DAC5400954055 /* Project object */;
}
